{
    "_readme": [
        "This file locks the dependencies of your project to a known state",
        "Read more about it at https://getcomposer.org/doc/01-basic-usage.md#installing-dependencies",
        "This file is @generated automatically"
    ],
    "content-hash": "5d496766de329bd679c01fb44fd6f189",
    "packages": [
        {
            "name": "aptoma/twig-markdown",
            "version": "3.2.0",
            "source": {
                "type": "git",
                "url": "https://github.com/aptoma/twig-markdown.git",
                "reference": "496ec52657ead7c7e816a8702da26c3cc2e0990c"
            },
            "dist": {
                "type": "zip",
                "url": "https://api.github.com/repos/aptoma/twig-markdown/zipball/496ec52657ead7c7e816a8702da26c3cc2e0990c",
                "reference": "496ec52657ead7c7e816a8702da26c3cc2e0990c",
                "shasum": ""
            },
            "require": {
                "php": "^7.0",
                "twig/twig": "^2.7.0"
            },
            "require-dev": {
                "codeclimate/php-test-reporter": "dev-master",
                "erusev/parsedown": "^1.6",
                "knplabs/github-api": "~1.4",
                "league/commonmark": "~0.5",
                "michelf/php-markdown": "~1",
                "phpunit/phpunit": "~6.0||~5.0"
            },
            "suggest": {
                "knplabs/github-api": "Needed for using GitHub's Markdown engine provided through their API.",
                "michelf/php-markdown": "Original Markdown engine with MarkdownExtra."
            },
            "type": "library",
            "autoload": {
                "psr-0": {
                    "Aptoma": "src/"
                }
            },
            "notification-url": "https://packagist.org/downloads/",
            "license": [
                "MIT"
            ],
            "authors": [
                {
                    "name": "Joris Berthelot",
                    "email": "joris@berthelot.tel"
                },
                {
                    "name": "Gunnar Lium",
                    "email": "gunnar@aptoma.com"
                }
            ],
            "description": "Twig extension to work with Markdown content",
            "keywords": [
                "markdown",
                "twig"
            ],
            "time": "2019-05-24T07:47:05+00:00"
        },
        {
            "name": "erusev/parsedown",
            "version": "1.7.3",
            "source": {
                "type": "git",
                "url": "https://github.com/erusev/parsedown.git",
                "reference": "6d893938171a817f4e9bc9e86f2da1e370b7bcd7"
            },
            "dist": {
                "type": "zip",
                "url": "https://api.github.com/repos/erusev/parsedown/zipball/6d893938171a817f4e9bc9e86f2da1e370b7bcd7",
                "reference": "6d893938171a817f4e9bc9e86f2da1e370b7bcd7",
                "shasum": ""
            },
            "require": {
                "ext-mbstring": "*",
                "php": ">=5.3.0"
            },
            "require-dev": {
                "phpunit/phpunit": "^4.8.35"
            },
            "type": "library",
            "autoload": {
                "psr-0": {
                    "Parsedown": ""
                }
            },
            "notification-url": "https://packagist.org/downloads/",
            "license": [
                "MIT"
            ],
            "authors": [
                {
                    "name": "Emanuil Rusev",
                    "email": "hello@erusev.com",
                    "homepage": "http://erusev.com"
                }
            ],
            "description": "Parser for Markdown.",
            "homepage": "http://parsedown.org",
            "keywords": [
                "markdown",
                "parser"
            ],
            "time": "2019-03-17T18:48:37+00:00"
        },
        {
            "name": "selenesoftware/staticsite",
            "version": "0.0.4.x-dev",
            "source": {
                "type": "git",
                "url": "https://github.com/SeleneSoftware/seleneStaticLib.git",
                "reference": "968f61e667e511eaf8aa994c274a50e504f4b743"
            },
            "dist": {
                "type": "zip",
                "url": "https://api.github.com/repos/SeleneSoftware/seleneStaticLib/zipball/968f61e667e511eaf8aa994c274a50e504f4b743",
                "reference": "968f61e667e511eaf8aa994c274a50e504f4b743",
                "shasum": ""
            },
            "require": {
                "aptoma/twig-markdown": "^3.2",
                "erusev/parsedown": "^1.7",
                "symfony/yaml": "^4.3",
                "twig/twig": "^2.11"
            },
            "type": "library",
            "autoload": {
                "psr-4": {
                    "Selene\\StaticSite\\": "src/"
                }
            },
            "notification-url": "https://packagist.org/downloads/",
            "time": "2019-08-28T01:05:22+00:00"
        },
        {
            "name": "symfony/css-selector",
            "version": "v4.3.4",
            "source": {
                "type": "git",
                "url": "https://github.com/symfony/css-selector.git",
                "reference": "c6e5e2a00db768c92c3ae131532af4e1acc7bd03"
            },
            "dist": {
                "type": "zip",
                "url": "https://api.github.com/repos/symfony/css-selector/zipball/c6e5e2a00db768c92c3ae131532af4e1acc7bd03",
                "reference": "c6e5e2a00db768c92c3ae131532af4e1acc7bd03",
                "shasum": ""
            },
            "require": {
                "php": "^7.1.3"
            },
            "type": "library",
            "extra": {
                "branch-alias": {
                    "dev-master": "4.3-dev"
                }
            },
            "autoload": {
                "psr-4": {
                    "Symfony\\Component\\CssSelector\\": ""
                },
                "exclude-from-classmap": [
                    "/Tests/"
                ]
            },
            "notification-url": "https://packagist.org/downloads/",
            "license": [
                "MIT"
            ],
            "authors": [
                {
                    "name": "Fabien Potencier",
                    "email": "fabien@symfony.com"
                },
                {
                    "name": "Jean-François Simon",
                    "email": "jeanfrancois.simon@sensiolabs.com"
                },
                {
                    "name": "Symfony Community",
                    "homepage": "https://symfony.com/contributors"
                }
            ],
            "description": "Symfony CssSelector Component",
            "homepage": "https://symfony.com",
            "time": "2019-08-20T14:07:54+00:00"
        },
        {
            "name": "symfony/dom-crawler",
            "version": "v4.3.4",
            "source": {
                "type": "git",
                "url": "https://github.com/symfony/dom-crawler.git",
                "reference": "cc686552948d627528c0e2e759186dff67c2610e"
            },
            "dist": {
                "type": "zip",
                "url": "https://api.github.com/repos/symfony/dom-crawler/zipball/cc686552948d627528c0e2e759186dff67c2610e",
                "reference": "cc686552948d627528c0e2e759186dff67c2610e",
                "shasum": ""
            },
            "require": {
                "php": "^7.1.3",
                "symfony/polyfill-ctype": "~1.8",
                "symfony/polyfill-mbstring": "~1.0"
            },
            "conflict": {
                "masterminds/html5": "<2.6"
            },
            "require-dev": {
                "masterminds/html5": "^2.6",
                "symfony/css-selector": "~3.4|~4.0"
            },
            "suggest": {
                "symfony/css-selector": ""
            },
            "type": "library",
            "extra": {
                "branch-alias": {
                    "dev-master": "4.3-dev"
                }
            },
            "autoload": {
                "psr-4": {
                    "Symfony\\Component\\DomCrawler\\": ""
                },
                "exclude-from-classmap": [
                    "/Tests/"
                ]
            },
            "notification-url": "https://packagist.org/downloads/",
            "license": [
                "MIT"
            ],
            "authors": [
                {
                    "name": "Fabien Potencier",
                    "email": "fabien@symfony.com"
                },
                {
                    "name": "Symfony Community",
                    "homepage": "https://symfony.com/contributors"
                }
            ],
            "description": "Symfony DomCrawler Component",
            "homepage": "https://symfony.com",
            "time": "2019-08-26T08:26:39+00:00"
        },
        {
            "name": "symfony/polyfill-ctype",
            "version": "v1.12.0",
            "source": {
                "type": "git",
                "url": "https://github.com/symfony/polyfill-ctype.git",
                "reference": "550ebaac289296ce228a706d0867afc34687e3f4"
            },
            "dist": {
                "type": "zip",
                "url": "https://api.github.com/repos/symfony/polyfill-ctype/zipball/550ebaac289296ce228a706d0867afc34687e3f4",
                "reference": "550ebaac289296ce228a706d0867afc34687e3f4",
                "shasum": ""
            },
            "require": {
                "php": ">=5.3.3"
            },
            "suggest": {
                "ext-ctype": "For best performance"
            },
            "type": "library",
            "extra": {
                "branch-alias": {
                    "dev-master": "1.12-dev"
                }
            },
            "autoload": {
                "psr-4": {
                    "Symfony\\Polyfill\\Ctype\\": ""
                },
                "files": [
                    "bootstrap.php"
                ]
            },
            "notification-url": "https://packagist.org/downloads/",
            "license": [
                "MIT"
            ],
            "authors": [
                {
                    "name": "Gert de Pagter",
                    "email": "BackEndTea@gmail.com"
                },
                {
                    "name": "Symfony Community",
                    "homepage": "https://symfony.com/contributors"
                }
            ],
            "description": "Symfony polyfill for ctype functions",
            "homepage": "https://symfony.com",
            "keywords": [
                "compatibility",
                "ctype",
                "polyfill",
                "portable"
            ],
            "time": "2019-08-06T08:03:45+00:00"
        },
        {
            "name": "symfony/polyfill-mbstring",
            "version": "v1.12.0",
            "source": {
                "type": "git",
                "url": "https://github.com/symfony/polyfill-mbstring.git",
                "reference": "b42a2f66e8f1b15ccf25652c3424265923eb4f17"
            },
            "dist": {
                "type": "zip",
                "url": "https://api.github.com/repos/symfony/polyfill-mbstring/zipball/b42a2f66e8f1b15ccf25652c3424265923eb4f17",
                "reference": "b42a2f66e8f1b15ccf25652c3424265923eb4f17",
                "shasum": ""
            },
            "require": {
                "php": ">=5.3.3"
            },
            "suggest": {
                "ext-mbstring": "For best performance"
            },
            "type": "library",
            "extra": {
                "branch-alias": {
                    "dev-master": "1.12-dev"
                }
            },
            "autoload": {
                "psr-4": {
                    "Symfony\\Polyfill\\Mbstring\\": ""
                },
                "files": [
                    "bootstrap.php"
                ]
            },
            "notification-url": "https://packagist.org/downloads/",
            "license": [
                "MIT"
            ],
            "authors": [
                {
                    "name": "Nicolas Grekas",
                    "email": "p@tchwork.com"
                },
                {
                    "name": "Symfony Community",
                    "homepage": "https://symfony.com/contributors"
                }
            ],
            "description": "Symfony polyfill for the Mbstring extension",
            "homepage": "https://symfony.com",
            "keywords": [
                "compatibility",
                "mbstring",
                "polyfill",
                "portable",
                "shim"
            ],
            "time": "2019-08-06T08:03:45+00:00"
        },
        {
            "name": "symfony/yaml",
            "version": "v4.3.4",
            "source": {
                "type": "git",
                "url": "https://github.com/symfony/yaml.git",
                "reference": "5a0b7c32dc3ec56fd4abae8a4a71b0cf05013686"
            },
            "dist": {
                "type": "zip",
                "url": "https://api.github.com/repos/symfony/yaml/zipball/5a0b7c32dc3ec56fd4abae8a4a71b0cf05013686",
                "reference": "5a0b7c32dc3ec56fd4abae8a4a71b0cf05013686",
                "shasum": ""
            },
            "require": {
                "php": "^7.1.3",
                "symfony/polyfill-ctype": "~1.8"
            },
            "conflict": {
                "symfony/console": "<3.4"
            },
            "require-dev": {
                "symfony/console": "~3.4|~4.0"
            },
            "suggest": {
                "symfony/console": "For validating YAML files using the lint command"
            },
            "type": "library",
            "extra": {
                "branch-alias": {
                    "dev-master": "4.3-dev"
                }
            },
            "autoload": {
                "psr-4": {
                    "Symfony\\Component\\Yaml\\": ""
                },
                "exclude-from-classmap": [
                    "/Tests/"
                ]
            },
            "notification-url": "https://packagist.org/downloads/",
            "license": [
                "MIT"
            ],
            "authors": [
                {
                    "name": "Fabien Potencier",
                    "email": "fabien@symfony.com"
                },
                {
                    "name": "Symfony Community",
                    "homepage": "https://symfony.com/contributors"
                }
            ],
            "description": "Symfony Yaml Component",
            "homepage": "https://symfony.com",
            "time": "2019-08-20T14:27:59+00:00"
        },
        {
            "name": "thepixeldeveloper/sitemap",
            "version": "dev-master",
            "source": {
                "type": "git",
                "url": "https://github.com/ThePixelDeveloper/Sitemap.git",
                "reference": "516bea7f018eed35c98c722266f65a3c98c32c1f"
            },
            "dist": {
                "type": "zip",
                "url": "https://api.github.com/repos/ThePixelDeveloper/Sitemap/zipball/516bea7f018eed35c98c722266f65a3c98c32c1f",
                "reference": "516bea7f018eed35c98c722266f65a3c98c32c1f",
                "shasum": ""
            },
            "require": {
                "php": ">=7.1"
            },
            "require-dev": {
                "phpstan/phpstan": "^0",
                "phpstan/phpstan-phpunit": "^0",
                "phpunit/phpunit": "^7"
            },
            "type": "library",
            "autoload": {
                "psr-4": {
                    "Thepixeldeveloper\\Sitemap\\": "src/"
                }
            },
            "notification-url": "https://packagist.org/downloads/",
            "license": [
                "MIT"
            ],
            "authors": [
                {
                    "name": "Mathew Davies",
                    "role": "Developer"
                }
            ],
            "description": "PHP XML sitemap generation",
            "keywords": [
                "Sitemap",
                "php",
                "sitemap-builder",
                "sitemap-generator",
                "sitemap-php",
                "sitemap-xml",
                "xml",
                "xml-sitemap"
            ],
            "time": "2019-03-13T11:58:18+00:00"
        },
        {
            "name": "twig/twig",
            "version": "v2.11.3",
            "source": {
                "type": "git",
                "url": "https://github.com/twigphp/Twig.git",
                "reference": "699ed2342557c88789a15402de5eb834dedd6792"
            },
            "dist": {
                "type": "zip",
                "url": "https://api.github.com/repos/twigphp/Twig/zipball/699ed2342557c88789a15402de5eb834dedd6792",
                "reference": "699ed2342557c88789a15402de5eb834dedd6792",
                "shasum": ""
            },
            "require": {
                "php": "^7.0",
                "symfony/polyfill-ctype": "^1.8",
                "symfony/polyfill-mbstring": "^1.3"
            },
            "require-dev": {
                "psr/container": "^1.0",
                "symfony/debug": "^2.7",
                "symfony/phpunit-bridge": "^3.4.19|^4.1.8|^5.0"
            },
            "type": "library",
            "extra": {
                "branch-alias": {
                    "dev-master": "2.11-dev"
                }
            },
            "autoload": {
                "psr-0": {
                    "Twig_": "lib/"
                },
                "psr-4": {
                    "Twig\\": "src/"
                }
            },
            "notification-url": "https://packagist.org/downloads/",
            "license": [
                "BSD-3-Clause"
            ],
            "authors": [
                {
                    "name": "Fabien Potencier",
                    "role": "Lead Developer",
                    "email": "fabien@symfony.com",
                    "homepage": "http://fabien.potencier.org"
                },
                {
                    "name": "Armin Ronacher",
                    "role": "Project Founder",
                    "email": "armin.ronacher@active-4.com"
                },
                {
                    "name": "Twig Team",
                    "role": "Contributors",
                    "homepage": "https://twig.symfony.com/contributors"
                }
            ],
            "description": "Twig, the flexible, fast, and secure template language for PHP",
            "homepage": "https://twig.symfony.com",
            "keywords": [
                "templating"
            ],
            "time": "2019-06-18T15:37:11+00:00"
        }
    ],
    "packages-dev": [],
    "aliases": [],
    "minimum-stability": "stable",
    "stability-flags": {
        "selenesoftware/staticsite": 20,
        "thepixeldeveloper/sitemap": 20
    },
    "prefer-stable": false,
    "prefer-lowest": false,
    "platform": [],
    "platform-dev": []
}
