{
    "_readme": [
        "This file locks the dependencies of your project to a known state",
        "Read more about it at https://getcomposer.org/doc/01-basic-usage.md#composer-lock-the-lock-file",
        "This file is @generated automatically"
    ],
    "hash": "1f540bef2934c0f4f774a46e6a4cb897",
    "content-hash": "4e14ac2eb8dd83e3a054ad314d218796",
    "packages": [
        {
            "name": "symfony/yaml",
            "version": "v2.6.11",
            "target-dir": "Symfony/Component/Yaml",
            "source": {
                "type": "git",
                "url": "https://github.com/symfony/Yaml.git",
                "reference": "c044d1744b8e91aaaa0d9bac683ab87ec7cbf359"
            },
            "dist": {
                "type": "zip",
                "url": "https://api.github.com/repos/symfony/Yaml/zipball/c044d1744b8e91aaaa0d9bac683ab87ec7cbf359",
                "reference": "c044d1744b8e91aaaa0d9bac683ab87ec7cbf359",
                "shasum": ""
            },
            "require": {
                "php": ">=5.3.3"
            },
            "require-dev": {
                "symfony/phpunit-bridge": "~2.7"
            },
            "type": "library",
            "extra": {
                "branch-alias": {
                    "dev-master": "2.6-dev"
                }
            },
            "autoload": {
                "psr-0": {
                    "Symfony\\Component\\Yaml\\": ""
                }
            },
            "notification-url": "https://packagist.org/downloads/",
            "license": [
                "MIT"
            ],
            "authors": [
                {
                    "name": "Fabien Potencier",
                    "email": "fabien@symfony.com"
                },
                {
                    "name": "Symfony Community",
                    "homepage": "https://symfony.com/contributors"
                }
            ],
            "description": "Symfony Yaml Component",
            "homepage": "https://symfony.com",
            "time": "2015-07-26 08:59:42"
        },
        {
            "name": "yosymfony/spress-installer",
            "version": "v1.0.4",
            "source": {
                "type": "git",
                "url": "https://github.com/yosymfony/Spress-installer.git",
                "reference": "0e8240723794ad7bf2c03bb9f15c295d8d2795b4"
            },
            "dist": {
                "type": "zip",
                "url": "https://api.github.com/repos/yosymfony/Spress-installer/zipball/0e8240723794ad7bf2c03bb9f15c295d8d2795b4",
                "reference": "0e8240723794ad7bf2c03bb9f15c295d8d2795b4",
                "shasum": ""
            },
            "require": {
                "composer-plugin-api": "^1.0",
                "symfony/yaml": "2.6.*"
            },
            "require-dev": {
                "composer/composer": "1.*",
                "mockery/mockery": "0.9.*"
            },
            "type": "composer-plugin",
            "extra": {
                "class": "Yosymfony\\Spress\\Composer\\SpressPlugin",
                "branch-alias": {
                    "dev-master": "1.1.x-dev"
                }
            },
            "autoload": {
                "psr-0": {
                    "Yosymfony\\Spress\\Composer": [
                        "src/"
                    ]
                }
            },
            "notification-url": "https://packagist.org/downloads/",
            "license": [
                "MIT"
            ],
            "authors": [
                {
                    "name": "Victor Puertas",
                    "email": "vpgugr@gmail.com",
                    "homepage": "http://yosymfony.com"
                }
            ],
            "description": "Installer for Spress addons",
            "keywords": [
                "installer",
                "plugins",
                "spress",
                "themes"
            ],
            "time": "2015-06-11 18:40:11"
        }
    ],
    "packages-dev": [],
    "aliases": [],
    "minimum-stability": "stable",
    "stability-flags": [],
    "prefer-stable": false,
    "prefer-lowest": false,
    "platform": [],
    "platform-dev": []
}
